
Microsoft Visual Studio Solution File, Format Version 12.00
# Visual Studio Version 16
VisualStudioVersion = 16.0.29728.190
MinimumVisualStudioVersion = 10.0.40219.1
Project("{FAE04EC0-301F-11D3-BF4B-00C04F79EFBC}") = "SingleResponsibility", "SOLID\SingleResponsibility.csproj", "{7259D543-243C-4707-96AD-EE74E27504BE}"
EndProject
Project("{FAE04EC0-301F-11D3-BF4B-00C04F79EFBC}") = "InterfaceSeggregationPrinciple", "InterfaceSeggregationPrinciple\InterfaceSeggregationPrinciple.csproj", "{EB18B740-ACA8-4CDA-8AB5-0AF003D46319}"
EndProject
Project("{FAE04EC0-301F-11D3-BF4B-00C04F79EFBC}") = "OpenClosedPrinciple", "OpenClosedPrinciple\OpenClosedPrinciple.csproj", "{9265BF13-FEF9-4F6B-887E-F4209C9DC224}"
EndProject
Project("{FAE04EC0-301F-11D3-BF4B-00C04F79EFBC}") = "LiskovSubstitutionPrinciple", "LiskovSubstitutionPrinciple\LiskovSubstitutionPrinciple.csproj", "{01A3B335-C8C4-4C32-BC2D-2B16C86AD63B}"
EndProject
Project("{FAE04EC0-301F-11D3-BF4B-00C04F79EFBC}") = "LSP2", "LSP2\LSP2.csproj", "{98117569-19C6-4FE9-8F16-BF573F9CB35A}"
EndProject
Project("{FAE04EC0-301F-11D3-BF4B-00C04F79EFBC}") = "DependencyInversion", "DependencyInversion\DependencyInversion.csproj", "{21207443-C4BB-448E-A2D1-37006D6A26A7}"
EndProject
Global
	GlobalSection(SolutionConfigurationPlatforms) = preSolution
		Debug|Any CPU = Debug|Any CPU
		Release|Any CPU = Release|Any CPU
	EndGlobalSection
	GlobalSection(ProjectConfigurationPlatforms) = postSolution
		{7259D543-243C-4707-96AD-EE74E27504BE}.Debug|Any CPU.ActiveCfg = Debug|Any CPU
		{7259D543-243C-4707-96AD-EE74E27504BE}.Debug|Any CPU.Build.0 = Debug|Any CPU
		{7259D543-243C-4707-96AD-EE74E27504BE}.Release|Any CPU.ActiveCfg = Release|Any CPU
		{7259D543-243C-4707-96AD-EE74E27504BE}.Release|Any CPU.Build.0 = Release|Any CPU
		{EB18B740-ACA8-4CDA-8AB5-0AF003D46319}.Debug|Any CPU.ActiveCfg = Debug|Any CPU
		{EB18B740-ACA8-4CDA-8AB5-0AF003D46319}.Debug|Any CPU.Build.0 = Debug|Any CPU
		{EB18B740-ACA8-4CDA-8AB5-0AF003D46319}.Release|Any CPU.ActiveCfg = Release|Any CPU
		{EB18B740-ACA8-4CDA-8AB5-0AF003D46319}.Release|Any CPU.Build.0 = Release|Any CPU
		{9265BF13-FEF9-4F6B-887E-F4209C9DC224}.Debug|Any CPU.ActiveCfg = Debug|Any CPU
		{9265BF13-FEF9-4F6B-887E-F4209C9DC224}.Debug|Any CPU.Build.0 = Debug|Any CPU
		{9265BF13-FEF9-4F6B-887E-F4209C9DC224}.Release|Any CPU.ActiveCfg = Release|Any CPU
		{9265BF13-FEF9-4F6B-887E-F4209C9DC224}.Release|Any CPU.Build.0 = Release|Any CPU
		{01A3B335-C8C4-4C32-BC2D-2B16C86AD63B}.Debug|Any CPU.ActiveCfg = Debug|Any CPU
		{01A3B335-C8C4-4C32-BC2D-2B16C86AD63B}.Debug|Any CPU.Build.0 = Debug|Any CPU
		{01A3B335-C8C4-4C32-BC2D-2B16C86AD63B}.Release|Any CPU.ActiveCfg = Release|Any CPU
		{01A3B335-C8C4-4C32-BC2D-2B16C86AD63B}.Release|Any CPU.Build.0 = Release|Any CPU
		{98117569-19C6-4FE9-8F16-BF573F9CB35A}.Debug|Any CPU.ActiveCfg = Debug|Any CPU
		{98117569-19C6-4FE9-8F16-BF573F9CB35A}.Debug|Any CPU.Build.0 = Debug|Any CPU
		{98117569-19C6-4FE9-8F16-BF573F9CB35A}.Release|Any CPU.ActiveCfg = Release|Any CPU
		{98117569-19C6-4FE9-8F16-BF573F9CB35A}.Release|Any CPU.Build.0 = Release|Any CPU
		{21207443-C4BB-448E-A2D1-37006D6A26A7}.Debug|Any CPU.ActiveCfg = Debug|Any CPU
		{21207443-C4BB-448E-A2D1-37006D6A26A7}.Debug|Any CPU.Build.0 = Debug|Any CPU
		{21207443-C4BB-448E-A2D1-37006D6A26A7}.Release|Any CPU.ActiveCfg = Release|Any CPU
		{21207443-C4BB-448E-A2D1-37006D6A26A7}.Release|Any CPU.Build.0 = Release|Any CPU
	EndGlobalSection
	GlobalSection(SolutionProperties) = preSolution
		HideSolutionNode = FALSE
	EndGlobalSection
	GlobalSection(ExtensibilityGlobals) = postSolution
		SolutionGuid = {F25DB960-EB5E-4671-B88A-17A366EFE4B7}
	EndGlobalSection
EndGlobal
